{
  "version": "5",
  "specifiers": {
    "npm:zod@^4.1.12": "4.1.12"
  },
  "npm": {
    "zod@4.1.12": {
      "integrity": "sha512-JInaHOamG8pt5+Ey8kGmdcAcg3OL9reK8ltczgHTAwNhMys/6ThXHityHxVV2p3fkw/c+MAvBHFVYHFZDmjMCQ=="
    }
  },
  "workspace": {
    "members": {
      "agent": {
        "dependencies": [
          "npm:zod@^4.1.12"
        ]
      },
      "surface": {
        "dependencies": [
          "npm:zod@^4.1.12"
        ]
      }
    }
  }
}
